
Microsoft Visual Studio Solution File, Format Version 12.00
# Visual Studio Version 16
VisualStudioVersion = 16.0.31321.278
MinimumVisualStudioVersion = 10.0.40219.1
Project("{FAE04EC0-301F-11D3-BF4B-00C04F79EFBC}") = "BuildTimeLogger", "BuildTimeLogger\BuildTimeLogger.csproj", "{553067CE-BE16-497A-85C5-C6BB1F5521A4}"
EndProject
Project("{FAE04EC0-301F-11D3-BF4B-00C04F79EFBC}") = "BuildTimeLoggerTests", "BuildTimeLoggerTests\BuildTimeLoggerTests.csproj", "{42CF50B3-546A-4B3F-9492-2DEA617CE4B3}"
EndProject
Global
	GlobalSection(SolutionConfigurationPlatforms) = preSolution
		Debug|Any CPU = Debug|Any CPU
		Release|Any CPU = Release|Any CPU
	EndGlobalSection
	GlobalSection(ProjectConfigurationPlatforms) = postSolution
		{553067CE-BE16-497A-85C5-C6BB1F5521A4}.Debug|Any CPU.ActiveCfg = Debug|Any CPU
		{553067CE-BE16-497A-85C5-C6BB1F5521A4}.Debug|Any CPU.Build.0 = Debug|Any CPU
		{553067CE-BE16-497A-85C5-C6BB1F5521A4}.Release|Any CPU.ActiveCfg = Release|Any CPU
		{553067CE-BE16-497A-85C5-C6BB1F5521A4}.Release|Any CPU.Build.0 = Release|Any CPU
		{42CF50B3-546A-4B3F-9492-2DEA617CE4B3}.Debug|Any CPU.ActiveCfg = Debug|Any CPU
		{42CF50B3-546A-4B3F-9492-2DEA617CE4B3}.Debug|Any CPU.Build.0 = Debug|Any CPU
		{42CF50B3-546A-4B3F-9492-2DEA617CE4B3}.Release|Any CPU.ActiveCfg = Release|Any CPU
		{42CF50B3-546A-4B3F-9492-2DEA617CE4B3}.Release|Any CPU.Build.0 = Release|Any CPU
	EndGlobalSection
	GlobalSection(SolutionProperties) = preSolution
		HideSolutionNode = FALSE
	EndGlobalSection
	GlobalSection(ExtensibilityGlobals) = postSolution
		SolutionGuid = {D21BAD42-D432-4701-B82B-98C46F438730}
	EndGlobalSection
EndGlobal
